
Microsoft Visual Studio Solution File, Format Version 12.00
# Visual Studio Version 17
VisualStudioVersion = 17.2.32630.192
MinimumVisualStudioVersion = 10.0.40219.1
Project("{9A19103F-16F7-4668-BE54-9A1E7A4F7556}") = "OrgCabinet", "OrgCabinet.csproj", "{6B09CFEE-9ED9-4CA1-A896-EE473FD34E37}"
EndProject
Project("{9A19103F-16F7-4668-BE54-9A1E7A4F7556}") = "Utilities", "..\Utilities\Utilities.csproj", "{11C6A24A-D2DB-4686-AA82-EFDA3C0C8BC8}"
EndProject
Project("{9A19103F-16F7-4668-BE54-9A1E7A4F7556}") = "BLL", "..\BLL\BLL.csproj", "{839E237E-D707-472A-B71A-05F4CA791C9B}"
EndProject
Project("{9A19103F-16F7-4668-BE54-9A1E7A4F7556}") = "EntityLayer", "..\EntityLayer\EntityLayer.csproj", "{EBCDC080-B6E7-43BD-B52D-4DEE28C7E4EF}"
EndProject
Project("{9A19103F-16F7-4668-BE54-9A1E7A4F7556}") = "DAL", "..\DAL\DAL.csproj", "{24A41DA0-E038-4822-8EB6-F09DFE5C882F}"
EndProject
Global
	GlobalSection(SolutionConfigurationPlatforms) = preSolution
		Debug|Any CPU = Debug|Any CPU
		Release|Any CPU = Release|Any CPU
	EndGlobalSection
	GlobalSection(ProjectConfigurationPlatforms) = postSolution
		{6B09CFEE-9ED9-4CA1-A896-EE473FD34E37}.Debug|Any CPU.ActiveCfg = Debug|Any CPU
		{6B09CFEE-9ED9-4CA1-A896-EE473FD34E37}.Debug|Any CPU.Build.0 = Debug|Any CPU
		{6B09CFEE-9ED9-4CA1-A896-EE473FD34E37}.Release|Any CPU.ActiveCfg = Release|Any CPU
		{6B09CFEE-9ED9-4CA1-A896-EE473FD34E37}.Release|Any CPU.Build.0 = Release|Any CPU
		{11C6A24A-D2DB-4686-AA82-EFDA3C0C8BC8}.Debug|Any CPU.ActiveCfg = Debug|Any CPU
		{11C6A24A-D2DB-4686-AA82-EFDA3C0C8BC8}.Debug|Any CPU.Build.0 = Debug|Any CPU
		{11C6A24A-D2DB-4686-AA82-EFDA3C0C8BC8}.Release|Any CPU.ActiveCfg = Release|Any CPU
		{11C6A24A-D2DB-4686-AA82-EFDA3C0C8BC8}.Release|Any CPU.Build.0 = Release|Any CPU
		{839E237E-D707-472A-B71A-05F4CA791C9B}.Debug|Any CPU.ActiveCfg = Debug|Any CPU
		{839E237E-D707-472A-B71A-05F4CA791C9B}.Debug|Any CPU.Build.0 = Debug|Any CPU
		{839E237E-D707-472A-B71A-05F4CA791C9B}.Release|Any CPU.ActiveCfg = Release|Any CPU
		{839E237E-D707-472A-B71A-05F4CA791C9B}.Release|Any CPU.Build.0 = Release|Any CPU
		{EBCDC080-B6E7-43BD-B52D-4DEE28C7E4EF}.Debug|Any CPU.ActiveCfg = Debug|Any CPU
		{EBCDC080-B6E7-43BD-B52D-4DEE28C7E4EF}.Debug|Any CPU.Build.0 = Debug|Any CPU
		{EBCDC080-B6E7-43BD-B52D-4DEE28C7E4EF}.Release|Any CPU.ActiveCfg = Release|Any CPU
		{EBCDC080-B6E7-43BD-B52D-4DEE28C7E4EF}.Release|Any CPU.Build.0 = Release|Any CPU
		{24A41DA0-E038-4822-8EB6-F09DFE5C882F}.Debug|Any CPU.ActiveCfg = Debug|Any CPU
		{24A41DA0-E038-4822-8EB6-F09DFE5C882F}.Debug|Any CPU.Build.0 = Debug|Any CPU
		{24A41DA0-E038-4822-8EB6-F09DFE5C882F}.Release|Any CPU.ActiveCfg = Release|Any CPU
		{24A41DA0-E038-4822-8EB6-F09DFE5C882F}.Release|Any CPU.Build.0 = Release|Any CPU
	EndGlobalSection
	GlobalSection(SolutionProperties) = preSolution
		HideSolutionNode = FALSE
	EndGlobalSection
	GlobalSection(ExtensibilityGlobals) = postSolution
		SolutionGuid = {FB409C96-0F54-4D8A-8949-222D9896387F}
	EndGlobalSection
EndGlobal
